// !$*UTF8*$!
{
	archiveVersion = 1;
	classes = {
	};
	objectVersion = 46;
	objects = {

/* Begin PBXBuildFile section */
		86CFE082C58A84E89A6D0711 /* Pods_MoustacheDemo.framework in Frameworks */ = {isa = PBXBuildFile; fileRef = 526BD6308987BBDB8BA27A72 /* Pods_MoustacheDemo.framework */; };
		DFBD197A1E4DD3E20000D498 /* Person.m in Sources */ = {isa = PBXBuildFile; fileRef = DFBD19791E4DD3E20000D498 /* Person.m */; };
		DFBD197C1E4DD3E70000D498 /* template.html in Resources */ = {isa = PBXBuildFile; fileRef = DFBD197B1E4DD3E70000D498 /* template.html */; };
		DFBD19811E4DD7830000D498 /* Default-568h@2x.png in Resources */ = {isa = PBXBuildFile; fileRef = DFBD19801E4DD7830000D498 /* Default-568h@2x.png */; };
		DFFA73DE1E4DD33600E1F42C /* main.m in Sources */ = {isa = PBXBuildFile; fileRef = DFFA73DD1E4DD33600E1F42C /* main.m */; };
		DFFA73E11E4DD33600E1F42C /* AppDelegate.m in Sources */ = {isa = PBXBuildFile; fileRef = DFFA73E01E4DD33600E1F42C /* AppDelegate.m */; };
		DFFA73E41E4DD33600E1F42C /* ViewController.m in Sources */ = {isa = PBXBuildFile; fileRef = DFFA73E31E4DD33600E1F42C /* ViewController.m */; };
		DFFA73E71E4DD33700E1F42C /* Main.storyboard in Resources */ = {isa = PBXBuildFile; fileRef = DFFA73E51E4DD33700E1F42C /* Main.storyboard */; };
		DFFA73E91E4DD33700E1F42C /* Assets.xcassets in Resources */ = {isa = PBXBuildFile; fileRef = DFFA73E81E4DD33700E1F42C /* Assets.xcassets */; };
/* End PBXBuildFile section */

/* Begin PBXFileReference section */
		526BD6308987BBDB8BA27A72 /* Pods_MoustacheDemo.framework */ = {isa = PBXFileReference; explicitFileType = wrapper.framework; includeInIndex = 0; path = Pods_MoustacheDemo.framework; sourceTree = BUILT_PRODUCTS_DIR; };
		9EC3B07DEC6765E64F3FE311 /* Pods-MoustacheDemo.release.xcconfig */ = {isa = PBXFileReference; includeInIndex = 1; lastKnownFileType = text.xcconfig; name = "Pods-MoustacheDemo.release.xcconfig"; path = "Pods/Target Support Files/Pods-MoustacheDemo/Pods-MoustacheDemo.release.xcconfig"; sourceTree = "<group>"; };
		A2B9D553BE2127416A06EF12 /* Pods-MoustacheDemo.debug.xcconfig */ = {isa = PBXFileReference; includeInIndex = 1; lastKnownFileType = text.xcconfig; name = "Pods-MoustacheDemo.debug.xcconfig"; path = "Pods/Target Support Files/Pods-MoustacheDemo/Pods-MoustacheDemo.debug.xcconfig"; sourceTree = "<group>"; };
		DFBD19781E4DD3E20000D498 /* Person.h */ = {isa = PBXFileReference; fileEncoding = 4; lastKnownFileType = sourcecode.c.h; path = Person.h; sourceTree = "<group>"; };
		DFBD19791E4DD3E20000D498 /* Person.m */ = {isa = PBXFileReference; fileEncoding = 4; lastKnownFileType = sourcecode.c.objc; path = Person.m; sourceTree = "<group>"; };
		DFBD197B1E4DD3E70000D498 /* template.html */ = {isa = PBXFileReference; fileEncoding = 4; lastKnownFileType = text.html; path = template.html; sourceTree = "<group>"; };
		DFBD19801E4DD7830000D498 /* Default-568h@2x.png */ = {isa = PBXFileReference; lastKnownFileType = image.png; path = "Default-568h@2x.png"; sourceTree = "<group>"; };
		DFFA73D91E4DD33600E1F42C /* MoustacheDemo.app */ = {isa = PBXFileReference; explicitFileType = wrapper.application; includeInIndex = 0; path = MoustacheDemo.app; sourceTree = BUILT_PRODUCTS_DIR; };
		DFFA73DD1E4DD33600E1F42C /* main.m */ = {isa = PBXFileReference; lastKnownFileType = sourcecode.c.objc; path = main.m; sourceTree = "<group>"; };
		DFFA73DF1E4DD33600E1F42C /* AppDelegate.h */ = {isa = PBXFileReference; lastKnownFileType = sourcecode.c.h; path = AppDelegate.h; sourceTree = "<group>"; };
		DFFA73E01E4DD33600E1F42C /* AppDelegate.m */ = {isa = PBXFileReference; lastKnownFileType = sourcecode.c.objc; path = AppDelegate.m; sourceTree = "<group>"; };
		DFFA73E21E4DD33600E1F42C /* ViewController.h */ = {isa = PBXFileReference; lastKnownFileType = sourcecode.c.h; path = ViewController.h; sourceTree = "<group>"; };
		DFFA73E31E4DD33600E1F42C /* ViewController.m */ = {isa = PBXFileReference; lastKnownFileType = sourcecode.c.objc; path = ViewController.m; sourceTree = "<group>"; };
		DFFA73E61E4DD33700E1F42C /* Base */ = {isa = PBXFileReference; lastKnownFileType = file.storyboard; name = Base; path = Base.lproj/Main.storyboard; sourceTree = "<group>"; };
		DFFA73E81E4DD33700E1F42C /* Assets.xcassets */ = {isa = PBXFileReference; lastKnownFileType = folder.assetcatalog; path = Assets.xcassets; sourceTree = "<group>"; };
		DFFA73ED1E4DD33700E1F42C /* Info.plist */ = {isa = PBXFileReference; lastKnownFileType = text.plist.xml; path = Info.plist; sourceTree = "<group>"; };
/* End PBXFileReference section */

/* Begin PBXFrameworksBuildPhase section */
		DFFA73D61E4DD33600E1F42C /* Frameworks */ = {
			isa = PBXFrameworksBuildPhase;
			buildActionMask = 2147483647;
			files = (
				86CFE082C58A84E89A6D0711 /* Pods_MoustacheDemo.framework in Frameworks */,
			);
			runOnlyForDeploymentPostprocessing = 0;
		};
/* End PBXFrameworksBuildPhase section */

/* Begin PBXGroup section */
		26C66115705208D86253297B /* Frameworks */ = {
			isa = PBXGroup;
			children = (
				526BD6308987BBDB8BA27A72 /* Pods_MoustacheDemo.framework */,
			);
			name = Frameworks;
			sourceTree = "<group>";
		};
		5B73CFD9634B535FCE25ACF9 /* Pods */ = {
			isa = PBXGroup;
			children = (
				A2B9D553BE2127416A06EF12 /* Pods-MoustacheDemo.debug.xcconfig */,
				9EC3B07DEC6765E64F3FE311 /* Pods-MoustacheDemo.release.xcconfig */,
			);
			name = Pods;
			sourceTree = "<group>";
		};
		DFFA73D01E4DD33600E1F42C = {
			isa = PBXGroup;
			children = (
				DFBD19801E4DD7830000D498 /* Default-568h@2x.png */,
				DFFA73DB1E4DD33600E1F42C /* MoustacheDemo */,
				DFFA73DA1E4DD33600E1F42C /* Products */,
				5B73CFD9634B535FCE25ACF9 /* Pods */,
				26C66115705208D86253297B /* Frameworks */,
			);
			sourceTree = "<group>";
		};
		DFFA73DA1E4DD33600E1F42C /* Products */ = {
			isa = PBXGroup;
			children = (
				DFFA73D91E4DD33600E1F42C /* MoustacheDemo.app */,
			);
			name = Products;
			sourceTree = "<group>";
		};
		DFFA73DB1E4DD33600E1F42C /* MoustacheDemo */ = {
			isa = PBXGroup;
			children = (
				DFBD19781E4DD3E20000D498 /* Person.h */,
				DFBD19791E4DD3E20000D498 /* Person.m */,
				DFFA73DF1E4DD33600E1F42C /* AppDelegate.h */,
				DFFA73E01E4DD33600E1F42C /* AppDelegate.m */,
				DFFA73E21E4DD33600E1F42C /* ViewController.h */,
				DFFA73E31E4DD33600E1F42C /* ViewController.m */,
				DFFA73E51E4DD33700E1F42C /* Main.storyboard */,
				DFFA73E81E4DD33700E1F42C /* Assets.xcassets */,
				DFFA73ED1E4DD33700E1F42C /* Info.plist */,
				DFFA73DC1E4DD33600E1F42C /* Supporting Files */,
			);
			path = MoustacheDemo;
			sourceTree = "<group>";
		};
		DFFA73DC1E4DD33600E1F42C /* Supporting Files */ = {
			isa = PBXGroup;
			children = (
				DFBD197B1E4DD3E70000D498 /* template.html */,
				DFFA73DD1E4DD33600E1F42C /* main.m */,
			);
			name = "Supporting Files";
			sourceTree = "<group>";
		};
/* End PBXGroup section */

/* Begin PBXNativeTarget section */
		DFFA73D81E4DD33600E1F42C /* MoustacheDemo */ = {
			isa = PBXNativeTarget;
			buildConfigurationList = DFFA73F01E4DD33700E1F42C /* Build configuration list for PBXNativeTarget "MoustacheDemo" */;
			buildPhases = (
				5B24A1577C877FC55F27D62E /* [CP] Check Pods Manifest.lock */,
				DFFA73D51E4DD33600E1F42C /* Sources */,
				DFFA73D61E4DD33600E1F42C /* Frameworks */,
				DFFA73D71E4DD33600E1F42C /* Resources */,
				62F8AF6137B75DF7CA021160 /* [CP] Embed Pods Frameworks */,
				D576C80F6302A94BC349DC1D /* [CP] Copy Pods Resources */,
			);
			buildRules = (
			);
			dependencies = (
			);
			name = MoustacheDemo;
			productName = MoustacheDemo;
			productReference = DFFA73D91E4DD33600E1F42C /* MoustacheDemo.app */;
			productType = "com.apple.product-type.application";
		};
/* End PBXNativeTarget section */

/* Begin PBXProject section */
		DFFA73D11E4DD33600E1F42C /* Project object */ = {
			isa = PBXProject;
			attributes = {
				LastUpgradeCheck = 0820;
				ORGANIZATIONNAME = "Francesca Corsini";
				TargetAttributes = {
					DFFA73D81E4DD33600E1F42C = {
						CreatedOnToolsVersion = 8.2.1;
						ProvisioningStyle = Automatic;
					};
				};
			};
			buildConfigurationList = DFFA73D41E4DD33600E1F42C /* Build configuration list for PBXProject "MoustacheDemo" */;
			compatibilityVersion = "Xcode 3.2";
			developmentRegion = English;
			hasScannedForEncodings = 0;
			knownRegions = (
				en,
				Base,
			);
			mainGroup = DFFA73D01E4DD33600E1F42C;
			productRefGroup = DFFA73DA1E4DD33600E1F42C /* Products */;
			projectDirPath = "";
			projectRoot = "";
			targets = (
				DFFA73D81E4DD33600E1F42C /* MoustacheDemo */,
			);
		};
/* End PBXProject section */

/* Begin PBXResourcesBuildPhase section */
		DFFA73D71E4DD33600E1F42C /* Resources */ = {
			isa = PBXResourcesBuildPhase;
			buildActionMask = 2147483647;
			files = (
				DFBD197C1E4DD3E70000D498 /* template.html in Resources */,
				DFBD19811E4DD7830000D498 /* Default-568h@2x.png in Resources */,
				DFFA73E91E4DD33700E1F42C /* Assets.xcassets in Resources */,
				DFFA73E71E4DD33700E1F42C /* Main.storyboard in Resources */,
			);
			runOnlyForDeploymentPostprocessing = 0;
		};
/* End PBXResourcesBuildPhase section */

/* Begin PBXShellScriptBuildPhase section */
		5B24A1577C877FC55F27D62E /* [CP] Check Pods Manifest.lock */ = {
			isa = PBXShellScriptBuildPhase;
			buildActionMask = 2147483647;
			files = (
			);
			inputPaths = (
			);
			name = "[CP] Check Pods Manifest.lock";
			outputPaths = (
			);
			runOnlyForDeploymentPostprocessing = 0;
			shellPath = /bin/sh;
			shellScript = "diff \"${PODS_ROOT}/../Podfile.lock\" \"${PODS_ROOT}/Manifest.lock\" > /dev/null\nif [ $? != 0 ] ; then\n    # print error to STDERR\n    echo \"error: The sandbox is not in sync with the Podfile.lock. Run 'pod install' or update your CocoaPods installation.\" >&2\n    exit 1\nfi\n";
			showEnvVarsInLog = 0;
		};
		62F8AF6137B75DF7CA021160 /* [CP] Embed Pods Frameworks */ = {
			isa = PBXShellScriptBuildPhase;
			buildActionMask = 2147483647;
			files = (
			);
			inputPaths = (
			);
			name = "[CP] Embed Pods Frameworks";
			outputPaths = (
			);
			runOnlyForDeploymentPostprocessing = 0;
			shellPath = /bin/sh;
			shellScript = "\"${SRCROOT}/Pods/Target Support Files/Pods-MoustacheDemo/Pods-MoustacheDemo-frameworks.sh\"\n";
			showEnvVarsInLog = 0;
		};
		D576C80F6302A94BC349DC1D /* [CP] Copy Pods Resources */ = {
			isa = PBXShellScriptBuildPhase;
			buildActionMask = 2147483647;
			files = (
			);
			inputPaths = (
			);
			name = "[CP] Copy Pods Resources";
			outputPaths = (
			);
			runOnlyForDeploymentPostprocessing = 0;
			shellPath = /bin/sh;
			shellScript = "\"${SRCROOT}/Pods/Target Support Files/Pods-MoustacheDemo/Pods-MoustacheDemo-resources.sh\"\n";
			showEnvVarsInLog = 0;
		};
/* End PBXShellScriptBuildPhase section */

/* Begin PBXSourcesBuildPhase section */
		DFFA73D51E4DD33600E1F42C /* Sources */ = {
			isa = PBXSourcesBuildPhase;
			buildActionMask = 2147483647;
			files = (
				DFFA73E41E4DD33600E1F42C /* ViewController.m in Sources */,
				DFFA73E11E4DD33600E1F42C /* AppDelegate.m in Sources */,
				DFBD197A1E4DD3E20000D498 /* Person.m in Sources */,
				DFFA73DE1E4DD33600E1F42C /* main.m in Sources */,
			);
			runOnlyForDeploymentPostprocessing = 0;
		};
/* End PBXSourcesBuildPhase section */

/* Begin PBXVariantGroup section */
		DFFA73E51E4DD33700E1F42C /* Main.storyboard */ = {
			isa = PBXVariantGroup;
			children = (
				DFFA73E61E4DD33700E1F42C /* Base */,
			);
			name = Main.storyboard;
			sourceTree = "<group>";
		};
/* End PBXVariantGroup section */

/* Begin XCBuildConfiguration section */
		DFFA73EE1E4DD33700E1F42C /* Debug */ = {
			isa = XCBuildConfiguration;
			buildSettings = {
				ALWAYS_SEARCH_USER_PATHS = NO;
				CLANG_ANALYZER_NONNULL = YES;
				CLANG_CXX_LANGUAGE_STANDARD = "gnu++0x";
				CLANG_CXX_LIBRARY = "libc++";
				CLANG_ENABLE_MODULES = YES;
				CLANG_ENABLE_OBJC_ARC = YES;
				CLANG_WARN_BOOL_CONVERSION = YES;
				CLANG_WARN_CONSTANT_CONVERSION = YES;
				CLANG_WARN_DIRECT_OBJC_ISA_USAGE = YES_ERROR;
				CLANG_WARN_DOCUMENTATION_COMMENTS = YES;
				CLANG_WARN_EMPTY_BODY = YES;
				CLANG_WARN_ENUM_CONVERSION = YES;
				CLANG_WARN_INFINITE_RECURSION = YES;
				CLANG_WARN_INT_CONVERSION = YES;
				CLANG_WARN_OBJC_ROOT_CLASS = YES_ERROR;
				CLANG_WARN_SUSPICIOUS_MOVE = YES;
				CLANG_WARN_UNREACHABLE_CODE = YES;
				CLANG_WARN__DUPLICATE_METHOD_MATCH = YES;
				"CODE_SIGN_IDENTITY[sdk=iphoneos*]" = "iPhone Developer";
				COPY_PHASE_STRIP = NO;
				DEBUG_INFORMATION_FORMAT = dwarf;
				ENABLE_STRICT_OBJC_MSGSEND = YES;
				ENABLE_TESTABILITY = YES;
				GCC_C_LANGUAGE_STANDARD = gnu99;
				GCC_DYNAMIC_NO_PIC = NO;
				GCC_NO_COMMON_BLOCKS = YES;
				GCC_OPTIMIZATION_LEVEL = 0;
				GCC_PREPROCESSOR_DEFINITIONS = (
					"DEBUG=1",
					"$(inherited)",
				);
				GCC_WARN_64_TO_32_BIT_CONVERSION = YES;
				GCC_WARN_ABOUT_RETURN_TYPE = YES_ERROR;
				GCC_WARN_UNDECLARED_SELECTOR = YES;
				GCC_WARN_UNINITIALIZED_AUTOS = YES_AGGRESSIVE;
				GCC_WARN_UNUSED_FUNCTION = YES;
				GCC_WARN_UNUSED_VARIABLE = YES;
				IPHONEOS_DEPLOYMENT_TARGET = 10.2;
				MTL_ENABLE_DEBUG_INFO = YES;
				ONLY_ACTIVE_ARCH = YES;
				SDKROOT = iphoneos;
				TARGETED_DEVICE_FAMILY = "1,2";
			};
			name = Debug;
		};
		DFFA73EF1E4DD33700E1F42C /* Release */ = {
			isa = XCBuildConfiguration;
			buildSettings = {
				ALWAYS_SEARCH_USER_PATHS = NO;
				CLANG_ANALYZER_NONNULL = YES;
				CLANG_CXX_LANGUAGE_STANDARD = "gnu++0x";
				CLANG_CXX_LIBRARY = "libc++";
				CLANG_ENABLE_MODULES = YES;
				CLANG_ENABLE_OBJC_ARC = YES;
				CLANG_WARN_BOOL_CONVERSION = YES;
				CLANG_WARN_CONSTANT_CONVERSION = YES;
				CLANG_WARN_DIRECT_OBJC_ISA_USAGE = YES_ERROR;
				CLANG_WARN_DOCUMENTATION_COMMENTS = YES;
				CLANG_WARN_EMPTY_BODY = YES;
				CLANG_WARN_ENUM_CONVERSION = YES;
				CLANG_WARN_INFINITE_RECURSION = YES;
				CLANG_WARN_INT_CONVERSION = YES;
				CLANG_WARN_OBJC_ROOT_CLASS = YES_ERROR;
				CLANG_WARN_SUSPICIOUS_MOVE = YES;
				CLANG_WARN_UNREACHABLE_CODE = YES;
				CLANG_WARN__DUPLICATE_METHOD_MATCH = YES;
				"CODE_SIGN_IDENTITY[sdk=iphoneos*]" = "iPhone Developer";
				COPY_PHASE_STRIP = NO;
				DEBUG_INFORMATION_FORMAT = "dwarf-with-dsym";
				ENABLE_NS_ASSERTIONS = NO;
				ENABLE_STRICT_OBJC_MSGSEND = YES;
				GCC_C_LANGUAGE_STANDARD = gnu99;
				GCC_NO_COMMON_BLOCKS = YES;
				GCC_WARN_64_TO_32_BIT_CONVERSION = YES;
				GCC_WARN_ABOUT_RETURN_TYPE = YES_ERROR;
				GCC_WARN_UNDECLARED_SELECTOR = YES;
				GCC_WARN_UNINITIALIZED_AUTOS = YES_AGGRESSIVE;
				GCC_WARN_UNUSED_FUNCTION = YES;
				GCC_WARN_UNUSED_VARIABLE = YES;
				IPHONEOS_DEPLOYMENT_TARGET = 10.2;
				MTL_ENABLE_DEBUG_INFO = NO;
				SDKROOT = iphoneos;
				TARGETED_DEVICE_FAMILY = "1,2";
				VALIDATE_PRODUCT = YES;
			};
			name = Release;
		};
		DFFA73F11E4DD33700E1F42C /* Debug */ = {
			isa = XCBuildConfiguration;
			baseConfigurationReference = A2B9D553BE2127416A06EF12 /* Pods-MoustacheDemo.debug.xcconfig */;
			buildSettings = {
				ASSETCATALOG_COMPILER_APPICON_NAME = AppIcon;
				INFOPLIST_FILE = MoustacheDemo/Info.plist;
				LD_RUNPATH_SEARCH_PATHS = "$(inherited) @executable_path/Frameworks";
				PRODUCT_BUNDLE_IDENTIFIER = app.MoustacheDemo;
				PRODUCT_NAME = "$(TARGET_NAME)";
			};
			name = Debug;
		};
		DFFA73F21E4DD33700E1F42C /* Release */ = {
			isa = XCBuildConfiguration;
			baseConfigurationReference = 9EC3B07DEC6765E64F3FE311 /* Pods-MoustacheDemo.release.xcconfig */;
			buildSettings = {
				ASSETCATALOG_COMPILER_APPICON_NAME = AppIcon;
				INFOPLIST_FILE = MoustacheDemo/Info.plist;
				LD_RUNPATH_SEARCH_PATHS = "$(inherited) @executable_path/Frameworks";
				PRODUCT_BUNDLE_IDENTIFIER = app.MoustacheDemo;
				PRODUCT_NAME = "$(TARGET_NAME)";
			};
			name = Release;
		};
/* End XCBuildConfiguration section */

/* Begin XCConfigurationList section */
		DFFA73D41E4DD33600E1F42C /* Build configuration list for PBXProject "MoustacheDemo" */ = {
			isa = XCConfigurationList;
			buildConfigurations = (
				DFFA73EE1E4DD33700E1F42C /* Debug */,
				DFFA73EF1E4DD33700E1F42C /* Release */,
			);
			defaultConfigurationIsVisible = 0;
			defaultConfigurationName = Release;
		};
		DFFA73F01E4DD33700E1F42C /* Build configuration list for PBXNativeTarget "MoustacheDemo" */ = {
			isa = XCConfigurationList;
			buildConfigurations = (
				DFFA73F11E4DD33700E1F42C /* Debug */,
				DFFA73F21E4DD33700E1F42C /* Release */,
			);
			defaultConfigurationIsVisible = 0;
			defaultConfigurationName = Release;
		};
/* End XCConfigurationList section */
	};
	rootObject = DFFA73D11E4DD33600E1F42C /* Project object */;
}
